(list (channel
        (name 'nonguix)
        (url "https://gitlab.com/nonguix/nonguix")
        (branch "master")
        (commit
          "f5338f63fce69622ce06f93fe02524967e1f30d4")
        (introduction
          (make-channel-introduction
            "897c1a470da759236cc11798f4e0a5f7d4d59fbc"
            (openpgp-fingerprint
              "2A39 3FFF 68F4 EF7A 3D29  12AF 6F51 20A0 22FB B2D5"))))
      (channel
        (name 'rosenthal)
        (url "https://codeberg.org/hako/rosenthal.git")
        (branch "trunk")
        (commit
          "0784504c64157cc0941795619cc6262ef3d18022")
        (introduction
          (make-channel-introduction
            "7677db76330121a901604dfbad19077893865f35"
            (openpgp-fingerprint
              "13E7 6CD6 E649 C28C 3385  4DF5 5E5A A665 6149 17F7"))))
      (channel
        (name 'sops-guix)
        (url "https://github.com/fishinthecalculator/sops-guix")
        (branch "main")
        (commit
          "cc67863ae3f3629a8f46597111d5b18c6b1e6731")
        (introduction
          (make-channel-introduction
            "0bbaf1fdd25266c7df790f65640aaa01e6d2dbc9"
            (openpgp-fingerprint
              "8D10 60B9 6BB8 292E 829B  7249 AED4 1CC1 93B7 01E2"))))
      (channel
        (name 'guix)
        (url "https://git.guix.gnu.org/guix.git")
        (branch "master")
        (commit
          "5dbab32115de3276f582bcb801fd9f88abe0d397")
        (introduction
          (make-channel-introduction
            "9edb3f66fd807b096b48283debdcddccfea34bad"
            (openpgp-fingerprint
              "BBB0 2DDF 2CEA F6A8 0D1D  E643 A2A0 6DF2 A33A 54FA")))))
