(list (channel
       (name 'guix)
       (url "https://codeberg.org/hako/guix.git")
       (branch #f)
       (commit "2026.07.04"))
      (channel
       (name 'bluebox)
       (url "https://codeberg.org/lapislazuli/bluebox")
       (branch "main")
       (commit "71628770c8612c041e06672f34c0c8e6fc67c13c")
       (introduction
        (make-channel-introduction
         "63350484aaacc362aea28fb14236019fced4050f"
         (openpgp-fingerprint
          "5132 3571 CEED 988F 52FC  467C 6F98 DBF3 EA7F 4B37"))))
      (channel
       (name 'nonguix)
       (url "https://gitlab.com/nonguix/nonguix")
       (branch "master")
       (commit "66ab7fff7a4ee0592c708651556ef3805c85068f")
       (introduction
        (make-channel-introduction
         "897c1a470da759236cc11798f4e0a5f7d4d59fbc"
         (openpgp-fingerprint
          "2A39 3FFF 68F4 EF7A 3D29  12AF 6F51 20A0 22FB B2D5"))))
      (channel
       (name 'rosenthal)
       (url "https://codeberg.org/hako/rosenthal.git")
       (branch "trunk")
       (commit "3a0838e5e0ac96c5935a5e5e44b73bdfb1b68450")
       (introduction
        (make-channel-introduction
         "7677db76330121a901604dfbad19077893865f35"
         (openpgp-fingerprint
          "13E7 6CD6 E649 C28C 3385  4DF5 5E5A A665 6149 17F7"))))
      (channel
       (name 'sops-guix)
       (url "https://github.com/fishinthecalculator/sops-guix.git")
       (branch "main")
       (commit "c53e27e533836ea8595626ba6796dee5362f8c4a")
       (introduction
        (make-channel-introduction
         "0bbaf1fdd25266c7df790f65640aaa01e6d2dbc9"
         (openpgp-fingerprint
          "8D10 60B9 6BB8 292E 829B  7249 AED4 1CC1 93B7 01E2")))))
