(list (channel
       (name 'bluebox)
       (url "https://codeberg.org/lapislazuli/bluebox")
       (branch "main")
       (commit "f7f3b1565d626099dd68aae20abb36371ab8a9af")
       (introduction
        (make-channel-introduction
         "63350484aaacc362aea28fb14236019fced4050f"
         (openpgp-fingerprint
          "5132 3571 CEED 988F 52FC  467C 6F98 DBF3 EA7F 4B37"))))
      (channel
       (name 'guix)
       (url "https://git.guix.gnu.org/guix.git")
       (branch "master")
       (commit "d9c7933f8e7c29346a41355d26ac2abf318d097d")
       (introduction
        (make-channel-introduction
         "9edb3f66fd807b096b48283debdcddccfea34bad"
         (openpgp-fingerprint
          "BBB0 2DDF 2CEA F6A8 0D1D  E643 A2A0 6DF2 A33A 54FA"))))
      (channel
       (name 'nonguix)
       (url "https://gitlab.com/nonguix/nonguix")
       (branch "master")
       (commit "c4541fdb0b472664dafe5d7b1ec2e51e4ef7b772")
       (introduction
        (make-channel-introduction
         "897c1a470da759236cc11798f4e0a5f7d4d59fbc"
         (openpgp-fingerprint
          "2A39 3FFF 68F4 EF7A 3D29  12AF 6F51 20A0 22FB B2D5"))))
      (channel
       (name 'rosenthal)
       (url "https://codeberg.org/hako/rosenthal.git")
       (branch "trunk")
       (commit "f60c19aea3d9825d14c0de9ecfe4b4748a1ea1c6")
       (introduction
        (make-channel-introduction
         "7677db76330121a901604dfbad19077893865f35"
         (openpgp-fingerprint
          "13E7 6CD6 E649 C28C 3385  4DF5 5E5A A665 6149 17F7"))))
      (channel
       (name 'sops-guix)
       (url "https://github.com/fishinthecalculator/sops-guix.git")
       (branch "main")
       (commit "56d5285d32d3e58010eb1c8c6d10f5ee4853a30c")
       (introduction
        (make-channel-introduction
         "0bbaf1fdd25266c7df790f65640aaa01e6d2dbc9"
         (openpgp-fingerprint
          "8D10 60B9 6BB8 292E 829B  7249 AED4 1CC1 93B7 01E2")))))
